Microsoft Visual Studio Solution File, Format Version 11.00
# Visual Studio 2008

Project("{91B7EF9A-27FB-E93D-C28A-E4A050883BD5}") = "Dusty-Creek", "Assembly-CSharp.csproj", "{7B335DE7-1F26-4DF4-7580-E8D03AC7D0C8}"
EndProject
Global
	GlobalSection(SolutionConfigurationPlatforms) = preSolution
		Debug|Any CPU = Debug|Any CPU
		Release|Any CPU = Release|Any CPU
	EndGlobalSection
	GlobalSection(ProjectConfigurationPlatforms) = postSolution
		{7B335DE7-1F26-4DF4-7580-E8D03AC7D0C8}.Debug|Any CPU.ActiveCfg = Debug|Any CPU
		{7B335DE7-1F26-4DF4-7580-E8D03AC7D0C8}.Debug|Any CPU.Build.0 = Debug|Any CPU
		{7B335DE7-1F26-4DF4-7580-E8D03AC7D0C8}.Release|Any CPU.ActiveCfg = Release|Any CPU
		{7B335DE7-1F26-4DF4-7580-E8D03AC7D0C8}.Release|Any CPU.Build.0 = Release|Any CPU
	EndGlobalSection
	GlobalSection(SolutionProperties) = preSolution
		HideSolutionNode = FALSE
	EndGlobalSection
	GlobalSection(MonoDevelopProperties) = preSolution
		StartupItem = Assembly-CSharp.csproj
		Policies = $0
		$0.TextStylePolicy = $1
		$1.inheritsSet = null
		$1.scope = text/x-csharp
		$0.CSharpFormattingPolicy = $2
		$2.inheritsSet = Mono
		$2.inheritsScope = text/x-csharp
		$2.scope = text/x-csharp
		$0.TextStylePolicy = $3
		$3.FileWidth = 120
		$3.TabWidth = 4
		$3.IndentWidth = 4
		$3.EolMarker = Unix
		$3.inheritsSet = Mono
		$3.inheritsScope = text/plain
		$3.scope = text/plain
	EndGlobalSection
EndGlobal
